
Microsoft Visual Studio Solution File, Format Version 12.00
# Visual Studio Version 16
VisualStudioVersion = 16.0.31613.86
MinimumVisualStudioVersion = 10.0.40219.1
Project("{FAE04EC0-301F-11D3-BF4B-00C04F79EFBC}") = "WritingToFile", "WritingToFile.csproj", "{EB05C642-C096-4468-A6A2-8407898FB75D}"
EndProject
Global
	GlobalSection(SolutionConfigurationPlatforms) = preSolution
		Debug|Any CPU = Debug|Any CPU
		Release|Any CPU = Release|Any CPU
	EndGlobalSection
	GlobalSection(ProjectConfigurationPlatforms) = postSolution
		{EB05C642-C096-4468-A6A2-8407898FB75D}.Debug|Any CPU.ActiveCfg = Debug|Any CPU
		{EB05C642-C096-4468-A6A2-8407898FB75D}.Debug|Any CPU.Build.0 = Debug|Any CPU
		{EB05C642-C096-4468-A6A2-8407898FB75D}.Release|Any CPU.ActiveCfg = Release|Any CPU
		{EB05C642-C096-4468-A6A2-8407898FB75D}.Release|Any CPU.Build.0 = Release|Any CPU
	EndGlobalSection
	GlobalSection(SolutionProperties) = preSolution
		HideSolutionNode = FALSE
	EndGlobalSection
	GlobalSection(ExtensibilityGlobals) = postSolution
		SolutionGuid = {84397100-827D-495E-97F1-870B6F523429}
	EndGlobalSection
EndGlobal
